// !$*UTF8*$!
{
	archiveVersion = 1;
	classes = {
	};
	objectVersion = 56;
	objects = {

/* Begin PBXBuildFile section */
		810727CB2B4D287B002957D1 /* IntroExampleView.swift in Sources */ = {isa = PBXBuildFile; fileRef = 810727CA2B4D287B002957D1 /* IntroExampleView.swift */; };
		810727CD2B4D2AEF002957D1 /* OnboardingView.swift in Sources */ = {isa = PBXBuildFile; fileRef = 810727CC2B4D2AEF002957D1 /* OnboardingView.swift */; };
		810727CF2B4D940F002957D1 /* ProfileView.swift in Sources */ = {isa = PBXBuildFile; fileRef = 810727CE2B4D940F002957D1 /* ProfileView.swift */; };
		810BBAD22B4931FD00CEFEC5 /* TabViewExampleView.swift in Sources */ = {isa = PBXBuildFile; fileRef = 810BBAD12B4931FD00CEFEC5 /* TabViewExampleView.swift */; };
		810BBAD42B493C2800CEFEC5 /* DarkModeExampleView.swift in Sources */ = {isa = PBXBuildFile; fileRef = 810BBAD32B493C2800CEFEC5 /* DarkModeExampleView.swift */; };
		8115FE842B5689CC006C8350 /* ToolbarExampleView.swift in Sources */ = {isa = PBXBuildFile; fileRef = 8115FE832B5689CC006C8350 /* ToolbarExampleView.swift */; };
		811709002B4C2C590087D9A8 /* EnvironmentObjectExampleView.swift in Sources */ = {isa = PBXBuildFile; fileRef = 811708FF2B4C2C590087D9A8 /* EnvironmentObjectExampleView.swift */; };
		812646042B6390F600DE495A /* ViewThatFitsExampleView.swift in Sources */ = {isa = PBXBuildFile; fileRef = 812646032B6390F600DE495A /* ViewThatFitsExampleView.swift */; };
		8126F1D42B39CB3F005F5175 /* ColorsExampleView.swift in Sources */ = {isa = PBXBuildFile; fileRef = 8126F1D32B39CB3F005F5175 /* ColorsExampleView.swift */; };
		8139CDD42B45782A0054E88B /* ConfirmationDialogExampleView.swift in Sources */ = {isa = PBXBuildFile; fileRef = 8139CDD32B45782A0054E88B /* ConfirmationDialogExampleView.swift */; };
		813F575C2B4841160020D00C /* ColorPickerExampleView.swift in Sources */ = {isa = PBXBuildFile; fileRef = 813F575B2B4841160020D00C /* ColorPickerExampleView.swift */; };
		813F575E2B4843F50020D00C /* DatePickerExampleView.swift in Sources */ = {isa = PBXBuildFile; fileRef = 813F575D2B4843F50020D00C /* DatePickerExampleView.swift */; };
		813F57602B484B6E0020D00C /* StepperExampleView.swift in Sources */ = {isa = PBXBuildFile; fileRef = 813F575F2B484B6E0020D00C /* StepperExampleView.swift */; };
		813F57622B484EEF0020D00C /* SliderExampleView.swift in Sources */ = {isa = PBXBuildFile; fileRef = 813F57612B484EEF0020D00C /* SliderExampleView.swift */; };
		813F711D2B960AC200B16910 /* MagnificationGestureExampleView.swift in Sources */ = {isa = PBXBuildFile; fileRef = 813F711C2B960AC200B16910 /* MagnificationGestureExampleView.swift */; };
		814580B32B9EE15E001842CC /* DragGestureExampleView.swift in Sources */ = {isa = PBXBuildFile; fileRef = 814580B22B9EE15E001842CC /* DragGestureExampleView.swift */; };
		814580B52B9EE986001842CC /* DragGestureExample2View.swift in Sources */ = {isa = PBXBuildFile; fileRef = 814580B42B9EE986001842CC /* DragGestureExample2View.swift */; };
		8155AAB42B441425005A9BBB /* ListExampleView.swift in Sources */ = {isa = PBXBuildFile; fileRef = 8155AAB32B441425005A9BBB /* ListExampleView.swift */; };
		8155D9D02B4559E500B3700E /* AlertExampleView.swift in Sources */ = {isa = PBXBuildFile; fileRef = 8155D9CF2B4559E500B3700E /* AlertExampleView.swift */; };
		815C86CE2B51822A00720D81 /* BackgroundMaterialsExampleView.swift in Sources */ = {isa = PBXBuildFile; fileRef = 815C86CD2B51822A00720D81 /* BackgroundMaterialsExampleView.swift */; };
		815C86D02B5184AC00720D81 /* TextSelectionExampleView.swift in Sources */ = {isa = PBXBuildFile; fileRef = 815C86CF2B5184AC00720D81 /* TextSelectionExampleView.swift */; };
		815C86D22B51898700720D81 /* ButtonStylesExampleView.swift in Sources */ = {isa = PBXBuildFile; fileRef = 815C86D12B51898700720D81 /* ButtonStylesExampleView.swift */; };
		815CD0732B52BB0F00BD232F /* FocusStateExampleView.swift in Sources */ = {isa = PBXBuildFile; fileRef = 815CD0722B52BB0F00BD232F /* FocusStateExampleView.swift */; };
		81619EDA2B2741BF00C6CE35 /* PageTabViewExampleView.swift in Sources */ = {isa = PBXBuildFile; fileRef = 81619ED92B2741BF00C6CE35 /* PageTabViewExampleView.swift */; };
		8183519C2B3C48110011095C /* StacksExampleView.swift in Sources */ = {isa = PBXBuildFile; fileRef = 8183519B2B3C48110011095C /* StacksExampleView.swift */; };
		8183519E2B3C6A620011095C /* PaddingAndSpacerExampleView.swift in Sources */ = {isa = PBXBuildFile; fileRef = 8183519D2B3C6A620011095C /* PaddingAndSpacerExampleView.swift */; };
		81882BC32B3EC98F00B4B5DB /* ButtonExampleView.swift in Sources */ = {isa = PBXBuildFile; fileRef = 81882BC22B3EC98F00B4B5DB /* ButtonExampleView.swift */; };
		81882BC52B3ECF0100B4B5DB /* StateExampleView.swift in Sources */ = {isa = PBXBuildFile; fileRef = 81882BC42B3ECF0100B4B5DB /* StateExampleView.swift */; };
		81882BC72B3ED73F00B4B5DB /* ExtractedFunctionsExampleView.swift in Sources */ = {isa = PBXBuildFile; fileRef = 81882BC62B3ED73F00B4B5DB /* ExtractedFunctionsExampleView.swift */; };
		81882BC92B3EE35200B4B5DB /* ExtractSubviewExampleView.swift in Sources */ = {isa = PBXBuildFile; fileRef = 81882BC82B3EE35200B4B5DB /* ExtractSubviewExampleView.swift */; };
		81882BCE2B3F092600B4B5DB /* BindingExampleView.swift in Sources */ = {isa = PBXBuildFile; fileRef = 81882BCD2B3F092600B4B5DB /* BindingExampleView.swift */; };
		81882BD02B3F10A100B4B5DB /* ConditionalExampleView.swift in Sources */ = {isa = PBXBuildFile; fileRef = 81882BCF2B3F10A100B4B5DB /* ConditionalExampleView.swift */; };
		818884182B3712A900236EE4 /* ShapesExampleView.swift in Sources */ = {isa = PBXBuildFile; fileRef = 818884172B3712A900236EE4 /* ShapesExampleView.swift */; };
		8188C7642B498C99003A1BCE /* IfLetGuardExampleView.swift in Sources */ = {isa = PBXBuildFile; fileRef = 8188C7632B498C99003A1BCE /* IfLetGuardExampleView.swift */; };
		8188C7662B499482003A1BCE /* TapGestureView.swift in Sources */ = {isa = PBXBuildFile; fileRef = 8188C7652B499482003A1BCE /* TapGestureView.swift */; };
		819A924C2B4C44180082595C /* AppStorageExampleView.swift in Sources */ = {isa = PBXBuildFile; fileRef = 819A924B2B4C44180082595C /* AppStorageExampleView.swift */; };
		819EAEA42B57B93A006FB929 /* ResizableSheetExampleView.swift in Sources */ = {isa = PBXBuildFile; fileRef = 819EAEA32B57B93A006FB929 /* ResizableSheetExampleView.swift */; };
		81A0D4D02B514494001B5996 /* AsyncImageExampleView.swift in Sources */ = {isa = PBXBuildFile; fileRef = 81A0D4CF2B514494001B5996 /* AsyncImageExampleView.swift */; };
		81A8BE0E2B2451C90082CBFE /* SwiftUI_HandyStuffApp.swift in Sources */ = {isa = PBXBuildFile; fileRef = 81A8BE0D2B2451C90082CBFE /* SwiftUI_HandyStuffApp.swift */; };
		81A8BE102B2451C90082CBFE /* ContentView.swift in Sources */ = {isa = PBXBuildFile; fileRef = 81A8BE0F2B2451C90082CBFE /* ContentView.swift */; };
		81A8BE122B2451CB0082CBFE /* Assets.xcassets in Resources */ = {isa = PBXBuildFile; fileRef = 81A8BE112B2451CB0082CBFE /* Assets.xcassets */; };
		81A8BE152B2451CB0082CBFE /* Preview Assets.xcassets in Resources */ = {isa = PBXBuildFile; fileRef = 81A8BE142B2451CB0082CBFE /* Preview Assets.xcassets */; };
		81A8BE1C2B2452140082CBFE /* GeometryReaderView.swift in Sources */ = {isa = PBXBuildFile; fileRef = 81A8BE1B2B2452140082CBFE /* GeometryReaderView.swift */; };
		81B773192B5BC69B005ADF1F /* AnimationUpdatedExampleView.swift in Sources */ = {isa = PBXBuildFile; fileRef = 81B773182B5BC69B005ADF1F /* AnimationUpdatedExampleView.swift */; };
		81B7731B2B5BCF8A005ADF1F /* MenuExampleView.swift in Sources */ = {isa = PBXBuildFile; fileRef = 81B7731A2B5BCF8A005ADF1F /* MenuExampleView.swift */; };
		81B7731D2B5BD0E4005ADF1F /* NativePopoverExampleView.swift in Sources */ = {isa = PBXBuildFile; fileRef = 81B7731C2B5BD0E4005ADF1F /* NativePopoverExampleView.swift */; };
		81B8B2572B4695B1007B3882 /* ContextMenuExampleView.swift in Sources */ = {isa = PBXBuildFile; fileRef = 81B8B2562B4695B1007B3882 /* ContextMenuExampleView.swift */; };
		81B8B2592B46A79F007B3882 /* TextFieldExampleView.swift in Sources */ = {isa = PBXBuildFile; fileRef = 81B8B2582B46A79F007B3882 /* TextFieldExampleView.swift */; };
		81B8B25B2B46E5C0007B3882 /* TextEditorExampleView.swift in Sources */ = {isa = PBXBuildFile; fileRef = 81B8B25A2B46E5C0007B3882 /* TextEditorExampleView.swift */; };
		81B8B25D2B46EE9A007B3882 /* ToggleExampleView.swift in Sources */ = {isa = PBXBuildFile; fileRef = 81B8B25C2B46EE9A007B3882 /* ToggleExampleView.swift */; };
		81B8B25F2B47DA9E007B3882 /* PickerExampleView.swift in Sources */ = {isa = PBXBuildFile; fileRef = 81B8B25E2B47DA9E007B3882 /* PickerExampleView.swift */; };
		81BE42382B3B136200B57EA2 /* GradientsExampleView.swift in Sources */ = {isa = PBXBuildFile; fileRef = 81BE42372B3B136200B57EA2 /* GradientsExampleView.swift */; };
		81BE423A2B3B1EF400B57EA2 /* IconsExampleView.swift in Sources */ = {isa = PBXBuildFile; fileRef = 81BE42392B3B1EF400B57EA2 /* IconsExampleView.swift */; };
		81BE423C2B3B27C700B57EA2 /* ImageExampleView.swift in Sources */ = {isa = PBXBuildFile; fileRef = 81BE423B2B3B27C700B57EA2 /* ImageExampleView.swift */; };
		81BE423E2B3C11A000B57EA2 /* FrameExampleView.swift in Sources */ = {isa = PBXBuildFile; fileRef = 81BE423D2B3C11A000B57EA2 /* FrameExampleView.swift */; };
		81BE42402B3C1E0F00B57EA2 /* BackgroundAndOverlayExampleView.swift in Sources */ = {isa = PBXBuildFile; fileRef = 81BE423F2B3C1E0F00B57EA2 /* BackgroundAndOverlayExampleView.swift */; };
		81C160BD2B284A7C00FADD0D /* UITestingExampleView.swift in Sources */ = {isa = PBXBuildFile; fileRef = 81C160BC2B284A7C00FADD0D /* UITestingExampleView.swift */; };
		81C160C52B285F1C00FADD0D /* SwiftUI_HandyStuffUI_Tests.swift in Sources */ = {isa = PBXBuildFile; fileRef = 81C160C42B285F1C00FADD0D /* SwiftUI_HandyStuffUI_Tests.swift */; };
		81C160C72B285F1C00FADD0D /* SwiftUI_HandyStuffUI_TestsLaunchTests.swift in Sources */ = {isa = PBXBuildFile; fileRef = 81C160C62B285F1C00FADD0D /* SwiftUI_HandyStuffUI_TestsLaunchTests.swift */; };
		81C160CE2B2860AC00FADD0D /* UITestingExampleView_UITests.swift in Sources */ = {isa = PBXBuildFile; fileRef = 81C160CD2B2860AC00FADD0D /* UITestingExampleView_UITests.swift */; };
		81C445A12B920F96006190E7 /* LongPressGestureExampleView.swift in Sources */ = {isa = PBXBuildFile; fileRef = 81C445A02B920F96006190E7 /* LongPressGestureExampleView.swift */; };
		81C769DD2B495DD900F34C97 /* DocumentationExampleView.swift in Sources */ = {isa = PBXBuildFile; fileRef = 81C769DC2B495DD900F34C97 /* DocumentationExampleView.swift */; };
		81CF1AAF2B5E4315008243D4 /* AnyLayoutExampleView.swift in Sources */ = {isa = PBXBuildFile; fileRef = 81CF1AAE2B5E4315008243D4 /* AnyLayoutExampleView.swift */; };
		81D307262B5931BD00FF513C /* SafeAreaInsetExampleView.swift in Sources */ = {isa = PBXBuildFile; fileRef = 81D307252B5931BD00FF513C /* SafeAreaInsetExampleView.swift */; };
		81D55E1F2B40034300A36A98 /* TernaryExampleView.swift in Sources */ = {isa = PBXBuildFile; fileRef = 81D55E1E2B40034300A36A98 /* TernaryExampleView.swift */; };
		81D55E212B40090700A36A98 /* AnimationExampleView.swift in Sources */ = {isa = PBXBuildFile; fileRef = 81D55E202B40090700A36A98 /* AnimationExampleView.swift */; };
		81D55E232B4010F800A36A98 /* AnimationTimingExampleView.swift in Sources */ = {isa = PBXBuildFile; fileRef = 81D55E222B4010F800A36A98 /* AnimationTimingExampleView.swift */; };
		81D55E252B401B5400A36A98 /* TransitionExampleView.swift in Sources */ = {isa = PBXBuildFile; fileRef = 81D55E242B401B5400A36A98 /* TransitionExampleView.swift */; };
		81D55E292B40351000A36A98 /* SheetsExampleView.swift in Sources */ = {isa = PBXBuildFile; fileRef = 81D55E282B40351000A36A98 /* SheetsExampleView.swift */; };
		81D55E2B2B4047C900A36A98 /* PopoverExampleView.swift in Sources */ = {isa = PBXBuildFile; fileRef = 81D55E2A2B4047C900A36A98 /* PopoverExampleView.swift */; };
		81D55E2D2B40519100A36A98 /* NavigationViewExampleView.swift in Sources */ = {isa = PBXBuildFile; fileRef = 81D55E2C2B40519100A36A98 /* NavigationViewExampleView.swift */; };
		81D7A34E2B528D4E004F76EE /* ListSwipeActionsExampleView.swift in Sources */ = {isa = PBXBuildFile; fileRef = 81D7A34D2B528D4E004F76EE /* ListSwipeActionsExampleView.swift */; };
		81D7A3502B5298CC004F76EE /* BadgesExampleView.swift in Sources */ = {isa = PBXBuildFile; fileRef = 81D7A34F2B5298CC004F76EE /* BadgesExampleView.swift */; };
		81DE3B7C2B497B4500CC7DA9 /* OnAppearExampleView.swift in Sources */ = {isa = PBXBuildFile; fileRef = 81DE3B7B2B497B4500CC7DA9 /* OnAppearExampleView.swift */; };
		81E0419A2B5942FE00F996A8 /* GroupExampleView.swift in Sources */ = {isa = PBXBuildFile; fileRef = 81E041992B5942FE00F996A8 /* GroupExampleView.swift */; };
		81E31F9E2B3D5A5D00B0F9BE /* SpacerExampleView.swift in Sources */ = {isa = PBXBuildFile; fileRef = 81E31F9D2B3D5A5D00B0F9BE /* SpacerExampleView.swift */; };
		81E31FA02B3D637900B0F9BE /* InitializerExampleView.swift in Sources */ = {isa = PBXBuildFile; fileRef = 81E31F9F2B3D637900B0F9BE /* InitializerExampleView.swift */; };
		81E31FA22B3D6F0C00B0F9BE /* ForEachExampleView.swift in Sources */ = {isa = PBXBuildFile; fileRef = 81E31FA12B3D6F0C00B0F9BE /* ForEachExampleView.swift */; };
		81E31FA42B3D80F500B0F9BE /* ScrollViewExampleView.swift in Sources */ = {isa = PBXBuildFile; fileRef = 81E31FA32B3D80F500B0F9BE /* ScrollViewExampleView.swift */; };
		81E31FA72B3D8AEF00B0F9BE /* GridExampleView.swift in Sources */ = {isa = PBXBuildFile; fileRef = 81E31FA62B3D8AEF00B0F9BE /* GridExampleView.swift */; };
		81E31FA92B3DA0AA00B0F9BE /* SafeAreaExampleView.swift in Sources */ = {isa = PBXBuildFile; fileRef = 81E31FA82B3DA0AA00B0F9BE /* SafeAreaExampleView.swift */; };
		81E67F672B36EF4E00D2DB62 /* TextExampleView.swift in Sources */ = {isa = PBXBuildFile; fileRef = 81E67F662B36EF4E00D2DB62 /* TextExampleView.swift */; };
		81F3C97A2B5541260020C1CF /* NavigationStackExampleView.swift in Sources */ = {isa = PBXBuildFile; fileRef = 81F3C9792B5541260020C1CF /* NavigationStackExampleView.swift */; };
		81F9C5712B98562400198EEC /* RotationGestureExampleView.swift in Sources */ = {isa = PBXBuildFile; fileRef = 81F9C5702B98562400198EEC /* RotationGestureExampleView.swift */; };
		81FF1D462B4BE73F00B80EED /* ModelExampleView.swift in Sources */ = {isa = PBXBuildFile; fileRef = 81FF1D452B4BE73F00B80EED /* ModelExampleView.swift */; };
		81FF1D482B4BF45500B80EED /* ViewModelExampleView.swift in Sources */ = {isa = PBXBuildFile; fileRef = 81FF1D472B4BF45500B80EED /* ViewModelExampleView.swift */; };
/* End PBXBuildFile section */

/* Begin PBXContainerItemProxy section */
		81C160C82B285F1C00FADD0D /* PBXContainerItemProxy */ = {
			isa = PBXContainerItemProxy;
			containerPortal = 81A8BE022B2451C90082CBFE /* Project object */;
			proxyType = 1;
			remoteGlobalIDString = 81A8BE092B2451C90082CBFE;
			remoteInfo = "SwiftUI-HandyStuff";
		};
/* End PBXContainerItemProxy section */

/* Begin PBXFileReference section */
		810727CA2B4D287B002957D1 /* IntroExampleView.swift */ = {isa = PBXFileReference; lastKnownFileType = sourcecode.swift; path = IntroExampleView.swift; sourceTree = "<group>"; };
		810727CC2B4D2AEF002957D1 /* OnboardingView.swift */ = {isa = PBXFileReference; lastKnownFileType = sourcecode.swift; path = OnboardingView.swift; sourceTree = "<group>"; };
		810727CE2B4D940F002957D1 /* ProfileView.swift */ = {isa = PBXFileReference; lastKnownFileType = sourcecode.swift; path = ProfileView.swift; sourceTree = "<group>"; };
		810BBAD12B4931FD00CEFEC5 /* TabViewExampleView.swift */ = {isa = PBXFileReference; lastKnownFileType = sourcecode.swift; path = TabViewExampleView.swift; sourceTree = "<group>"; };
		810BBAD32B493C2800CEFEC5 /* DarkModeExampleView.swift */ = {isa = PBXFileReference; lastKnownFileType = sourcecode.swift; path = DarkModeExampleView.swift; sourceTree = "<group>"; };
		8115FE832B5689CC006C8350 /* ToolbarExampleView.swift */ = {isa = PBXFileReference; lastKnownFileType = sourcecode.swift; path = ToolbarExampleView.swift; sourceTree = "<group>"; };
		811708FF2B4C2C590087D9A8 /* EnvironmentObjectExampleView.swift */ = {isa = PBXFileReference; lastKnownFileType = sourcecode.swift; path = EnvironmentObjectExampleView.swift; sourceTree = "<group>"; };
		812646032B6390F600DE495A /* ViewThatFitsExampleView.swift */ = {isa = PBXFileReference; lastKnownFileType = sourcecode.swift; path = ViewThatFitsExampleView.swift; sourceTree = "<group>"; };
		8126F1D32B39CB3F005F5175 /* ColorsExampleView.swift */ = {isa = PBXFileReference; lastKnownFileType = sourcecode.swift; path = ColorsExampleView.swift; sourceTree = "<group>"; };
		8139CDD32B45782A0054E88B /* ConfirmationDialogExampleView.swift */ = {isa = PBXFileReference; lastKnownFileType = sourcecode.swift; path = ConfirmationDialogExampleView.swift; sourceTree = "<group>"; };
		813F575B2B4841160020D00C /* ColorPickerExampleView.swift */ = {isa = PBXFileReference; lastKnownFileType = sourcecode.swift; path = ColorPickerExampleView.swift; sourceTree = "<group>"; };
		813F575D2B4843F50020D00C /* DatePickerExampleView.swift */ = {isa = PBXFileReference; lastKnownFileType = sourcecode.swift; path = DatePickerExampleView.swift; sourceTree = "<group>"; };
		813F575F2B484B6E0020D00C /* StepperExampleView.swift */ = {isa = PBXFileReference; lastKnownFileType = sourcecode.swift; path = StepperExampleView.swift; sourceTree = "<group>"; };
		813F57612B484EEF0020D00C /* SliderExampleView.swift */ = {isa = PBXFileReference; lastKnownFileType = sourcecode.swift; path = SliderExampleView.swift; sourceTree = "<group>"; };
		813F711C2B960AC200B16910 /* MagnificationGestureExampleView.swift */ = {isa = PBXFileReference; lastKnownFileType = sourcecode.swift; path = MagnificationGestureExampleView.swift; sourceTree = "<group>"; };
		814580B22B9EE15E001842CC /* DragGestureExampleView.swift */ = {isa = PBXFileReference; lastKnownFileType = sourcecode.swift; path = DragGestureExampleView.swift; sourceTree = "<group>"; };
		814580B42B9EE986001842CC /* DragGestureExample2View.swift */ = {isa = PBXFileReference; lastKnownFileType = sourcecode.swift; path = DragGestureExample2View.swift; sourceTree = "<group>"; };
		8155AAB32B441425005A9BBB /* ListExampleView.swift */ = {isa = PBXFileReference; lastKnownFileType = sourcecode.swift; path = ListExampleView.swift; sourceTree = "<group>"; };
		8155D9CF2B4559E500B3700E /* AlertExampleView.swift */ = {isa = PBXFileReference; lastKnownFileType = sourcecode.swift; path = AlertExampleView.swift; sourceTree = "<group>"; };
		815C86CD2B51822A00720D81 /* BackgroundMaterialsExampleView.swift */ = {isa = PBXFileReference; lastKnownFileType = sourcecode.swift; path = BackgroundMaterialsExampleView.swift; sourceTree = "<group>"; };
		815C86CF2B5184AC00720D81 /* TextSelectionExampleView.swift */ = {isa = PBXFileReference; lastKnownFileType = sourcecode.swift; path = TextSelectionExampleView.swift; sourceTree = "<group>"; };
		815C86D12B51898700720D81 /* ButtonStylesExampleView.swift */ = {isa = PBXFileReference; lastKnownFileType = sourcecode.swift; path = ButtonStylesExampleView.swift; sourceTree = "<group>"; };
		815CD0722B52BB0F00BD232F /* FocusStateExampleView.swift */ = {isa = PBXFileReference; lastKnownFileType = sourcecode.swift; path = FocusStateExampleView.swift; sourceTree = "<group>"; };
		81619ED92B2741BF00C6CE35 /* PageTabViewExampleView.swift */ = {isa = PBXFileReference; lastKnownFileType = sourcecode.swift; path = PageTabViewExampleView.swift; sourceTree = "<group>"; };
		8183519B2B3C48110011095C /* StacksExampleView.swift */ = {isa = PBXFileReference; lastKnownFileType = sourcecode.swift; path = StacksExampleView.swift; sourceTree = "<group>"; };
		8183519D2B3C6A620011095C /* PaddingAndSpacerExampleView.swift */ = {isa = PBXFileReference; lastKnownFileType = sourcecode.swift; path = PaddingAndSpacerExampleView.swift; sourceTree = "<group>"; };
		81882BC22B3EC98F00B4B5DB /* ButtonExampleView.swift */ = {isa = PBXFileReference; lastKnownFileType = sourcecode.swift; path = ButtonExampleView.swift; sourceTree = "<group>"; };
		81882BC42B3ECF0100B4B5DB /* StateExampleView.swift */ = {isa = PBXFileReference; lastKnownFileType = sourcecode.swift; path = StateExampleView.swift; sourceTree = "<group>"; };
		81882BC62B3ED73F00B4B5DB /* ExtractedFunctionsExampleView.swift */ = {isa = PBXFileReference; lastKnownFileType = sourcecode.swift; path = ExtractedFunctionsExampleView.swift; sourceTree = "<group>"; };
		81882BC82B3EE35200B4B5DB /* ExtractSubviewExampleView.swift */ = {isa = PBXFileReference; lastKnownFileType = sourcecode.swift; path = ExtractSubviewExampleView.swift; sourceTree = "<group>"; };
		81882BCD2B3F092600B4B5DB /* BindingExampleView.swift */ = {isa = PBXFileReference; lastKnownFileType = sourcecode.swift; path = BindingExampleView.swift; sourceTree = "<group>"; };
		81882BCF2B3F10A100B4B5DB /* ConditionalExampleView.swift */ = {isa = PBXFileReference; lastKnownFileType = sourcecode.swift; path = ConditionalExampleView.swift; sourceTree = "<group>"; };
		818884172B3712A900236EE4 /* ShapesExampleView.swift */ = {isa = PBXFileReference; lastKnownFileType = sourcecode.swift; path = ShapesExampleView.swift; sourceTree = "<group>"; };
		8188C7632B498C99003A1BCE /* IfLetGuardExampleView.swift */ = {isa = PBXFileReference; lastKnownFileType = sourcecode.swift; path = IfLetGuardExampleView.swift; sourceTree = "<group>"; };
		8188C7652B499482003A1BCE /* TapGestureView.swift */ = {isa = PBXFileReference; lastKnownFileType = sourcecode.swift; path = TapGestureView.swift; sourceTree = "<group>"; };
		819A924B2B4C44180082595C /* AppStorageExampleView.swift */ = {isa = PBXFileReference; lastKnownFileType = sourcecode.swift; path = AppStorageExampleView.swift; sourceTree = "<group>"; };
		819EAEA32B57B93A006FB929 /* ResizableSheetExampleView.swift */ = {isa = PBXFileReference; lastKnownFileType = sourcecode.swift; path = ResizableSheetExampleView.swift; sourceTree = "<group>"; };
		81A0D4CF2B514494001B5996 /* AsyncImageExampleView.swift */ = {isa = PBXFileReference; lastKnownFileType = sourcecode.swift; path = AsyncImageExampleView.swift; sourceTree = "<group>"; };
		81A8BE0A2B2451C90082CBFE /* SwiftUI-HandyStuff.app */ = {isa = PBXFileReference; explicitFileType = wrapper.application; includeInIndex = 0; path = "SwiftUI-HandyStuff.app"; sourceTree = BUILT_PRODUCTS_DIR; };
		81A8BE0D2B2451C90082CBFE /* SwiftUI_HandyStuffApp.swift */ = {isa = PBXFileReference; lastKnownFileType = sourcecode.swift; path = SwiftUI_HandyStuffApp.swift; sourceTree = "<group>"; };
		81A8BE0F2B2451C90082CBFE /* ContentView.swift */ = {isa = PBXFileReference; lastKnownFileType = sourcecode.swift; path = ContentView.swift; sourceTree = "<group>"; };
		81A8BE112B2451CB0082CBFE /* Assets.xcassets */ = {isa = PBXFileReference; lastKnownFileType = folder.assetcatalog; path = Assets.xcassets; sourceTree = "<group>"; };
		81A8BE142B2451CB0082CBFE /* Preview Assets.xcassets */ = {isa = PBXFileReference; lastKnownFileType = folder.assetcatalog; path = "Preview Assets.xcassets"; sourceTree = "<group>"; };
		81A8BE1B2B2452140082CBFE /* GeometryReaderView.swift */ = {isa = PBXFileReference; lastKnownFileType = sourcecode.swift; path = GeometryReaderView.swift; sourceTree = "<group>"; };
		81B773182B5BC69B005ADF1F /* AnimationUpdatedExampleView.swift */ = {isa = PBXFileReference; lastKnownFileType = sourcecode.swift; path = AnimationUpdatedExampleView.swift; sourceTree = "<group>"; };
		81B7731A2B5BCF8A005ADF1F /* MenuExampleView.swift */ = {isa = PBXFileReference; lastKnownFileType = sourcecode.swift; path = MenuExampleView.swift; sourceTree = "<group>"; };
		81B7731C2B5BD0E4005ADF1F /* NativePopoverExampleView.swift */ = {isa = PBXFileReference; lastKnownFileType = sourcecode.swift; path = NativePopoverExampleView.swift; sourceTree = "<group>"; };
		81B8B2562B4695B1007B3882 /* ContextMenuExampleView.swift */ = {isa = PBXFileReference; lastKnownFileType = sourcecode.swift; path = ContextMenuExampleView.swift; sourceTree = "<group>"; };
		81B8B2582B46A79F007B3882 /* TextFieldExampleView.swift */ = {isa = PBXFileReference; lastKnownFileType = sourcecode.swift; path = TextFieldExampleView.swift; sourceTree = "<group>"; };
		81B8B25A2B46E5C0007B3882 /* TextEditorExampleView.swift */ = {isa = PBXFileReference; lastKnownFileType = sourcecode.swift; path = TextEditorExampleView.swift; sourceTree = "<group>"; };
		81B8B25C2B46EE9A007B3882 /* ToggleExampleView.swift */ = {isa = PBXFileReference; lastKnownFileType = sourcecode.swift; path = ToggleExampleView.swift; sourceTree = "<group>"; };
		81B8B25E2B47DA9E007B3882 /* PickerExampleView.swift */ = {isa = PBXFileReference; lastKnownFileType = sourcecode.swift; path = PickerExampleView.swift; sourceTree = "<group>"; };
		81BE42372B3B136200B57EA2 /* GradientsExampleView.swift */ = {isa = PBXFileReference; lastKnownFileType = sourcecode.swift; path = GradientsExampleView.swift; sourceTree = "<group>"; };
		81BE42392B3B1EF400B57EA2 /* IconsExampleView.swift */ = {isa = PBXFileReference; lastKnownFileType = sourcecode.swift; path = IconsExampleView.swift; sourceTree = "<group>"; };
		81BE423B2B3B27C700B57EA2 /* ImageExampleView.swift */ = {isa = PBXFileReference; lastKnownFileType = sourcecode.swift; path = ImageExampleView.swift; sourceTree = "<group>"; };
		81BE423D2B3C11A000B57EA2 /* FrameExampleView.swift */ = {isa = PBXFileReference; lastKnownFileType = sourcecode.swift; path = FrameExampleView.swift; sourceTree = "<group>"; };
		81BE423F2B3C1E0F00B57EA2 /* BackgroundAndOverlayExampleView.swift */ = {isa = PBXFileReference; lastKnownFileType = sourcecode.swift; path = BackgroundAndOverlayExampleView.swift; sourceTree = "<group>"; };
		81C160BC2B284A7C00FADD0D /* UITestingExampleView.swift */ = {isa = PBXFileReference; lastKnownFileType = sourcecode.swift; path = UITestingExampleView.swift; sourceTree = "<group>"; };
		81C160C22B285F1C00FADD0D /* SwiftUI-HandyStuffUI_Tests.xctest */ = {isa = PBXFileReference; explicitFileType = wrapper.cfbundle; includeInIndex = 0; path = "SwiftUI-HandyStuffUI_Tests.xctest"; sourceTree = BUILT_PRODUCTS_DIR; };
		81C160C42B285F1C00FADD0D /* SwiftUI_HandyStuffUI_Tests.swift */ = {isa = PBXFileReference; lastKnownFileType = sourcecode.swift; path = SwiftUI_HandyStuffUI_Tests.swift; sourceTree = "<group>"; };
		81C160C62B285F1C00FADD0D /* SwiftUI_HandyStuffUI_TestsLaunchTests.swift */ = {isa = PBXFileReference; lastKnownFileType = sourcecode.swift; path = SwiftUI_HandyStuffUI_TestsLaunchTests.swift; sourceTree = "<group>"; };
		81C160CD2B2860AC00FADD0D /* UITestingExampleView_UITests.swift */ = {isa = PBXFileReference; lastKnownFileType = sourcecode.swift; path = UITestingExampleView_UITests.swift; sourceTree = "<group>"; };
		81C160CF2B28635000FADD0D /* SwiftUI-HandyStuff.xctestplan */ = {isa = PBXFileReference; lastKnownFileType = text; path = "SwiftUI-HandyStuff.xctestplan"; sourceTree = "<group>"; };
		81C445A02B920F96006190E7 /* LongPressGestureExampleView.swift */ = {isa = PBXFileReference; lastKnownFileType = sourcecode.swift; path = LongPressGestureExampleView.swift; sourceTree = "<group>"; };
		81C769DC2B495DD900F34C97 /* DocumentationExampleView.swift */ = {isa = PBXFileReference; lastKnownFileType = sourcecode.swift; path = DocumentationExampleView.swift; sourceTree = "<group>"; };
		81CF1AAE2B5E4315008243D4 /* AnyLayoutExampleView.swift */ = {isa = PBXFileReference; lastKnownFileType = sourcecode.swift; path = AnyLayoutExampleView.swift; sourceTree = "<group>"; };
		81D307252B5931BD00FF513C /* SafeAreaInsetExampleView.swift */ = {isa = PBXFileReference; lastKnownFileType = sourcecode.swift; path = SafeAreaInsetExampleView.swift; sourceTree = "<group>"; };
		81D55E1E2B40034300A36A98 /* TernaryExampleView.swift */ = {isa = PBXFileReference; lastKnownFileType = sourcecode.swift; path = TernaryExampleView.swift; sourceTree = "<group>"; };
		81D55E202B40090700A36A98 /* AnimationExampleView.swift */ = {isa = PBXFileReference; lastKnownFileType = sourcecode.swift; path = AnimationExampleView.swift; sourceTree = "<group>"; };
		81D55E222B4010F800A36A98 /* AnimationTimingExampleView.swift */ = {isa = PBXFileReference; lastKnownFileType = sourcecode.swift; path = AnimationTimingExampleView.swift; sourceTree = "<group>"; };
		81D55E242B401B5400A36A98 /* TransitionExampleView.swift */ = {isa = PBXFileReference; lastKnownFileType = sourcecode.swift; path = TransitionExampleView.swift; sourceTree = "<group>"; };
		81D55E282B40351000A36A98 /* SheetsExampleView.swift */ = {isa = PBXFileReference; lastKnownFileType = sourcecode.swift; path = SheetsExampleView.swift; sourceTree = "<group>"; };
		81D55E2A2B4047C900A36A98 /* PopoverExampleView.swift */ = {isa = PBXFileReference; lastKnownFileType = sourcecode.swift; path = PopoverExampleView.swift; sourceTree = "<group>"; };
		81D55E2C2B40519100A36A98 /* NavigationViewExampleView.swift */ = {isa = PBXFileReference; lastKnownFileType = sourcecode.swift; path = NavigationViewExampleView.swift; sourceTree = "<group>"; };
		81D7A34D2B528D4E004F76EE /* ListSwipeActionsExampleView.swift */ = {isa = PBXFileReference; lastKnownFileType = sourcecode.swift; path = ListSwipeActionsExampleView.swift; sourceTree = "<group>"; };
		81D7A34F2B5298CC004F76EE /* BadgesExampleView.swift */ = {isa = PBXFileReference; lastKnownFileType = sourcecode.swift; path = BadgesExampleView.swift; sourceTree = "<group>"; };
		81DE3B7B2B497B4500CC7DA9 /* OnAppearExampleView.swift */ = {isa = PBXFileReference; lastKnownFileType = sourcecode.swift; path = OnAppearExampleView.swift; sourceTree = "<group>"; };
		81E041992B5942FE00F996A8 /* GroupExampleView.swift */ = {isa = PBXFileReference; lastKnownFileType = sourcecode.swift; path = GroupExampleView.swift; sourceTree = "<group>"; };
		81E31F9D2B3D5A5D00B0F9BE /* SpacerExampleView.swift */ = {isa = PBXFileReference; lastKnownFileType = sourcecode.swift; path = SpacerExampleView.swift; sourceTree = "<group>"; };
		81E31F9F2B3D637900B0F9BE /* InitializerExampleView.swift */ = {isa = PBXFileReference; lastKnownFileType = sourcecode.swift; path = InitializerExampleView.swift; sourceTree = "<group>"; };
		81E31FA12B3D6F0C00B0F9BE /* ForEachExampleView.swift */ = {isa = PBXFileReference; lastKnownFileType = sourcecode.swift; path = ForEachExampleView.swift; sourceTree = "<group>"; };
		81E31FA32B3D80F500B0F9BE /* ScrollViewExampleView.swift */ = {isa = PBXFileReference; lastKnownFileType = sourcecode.swift; path = ScrollViewExampleView.swift; sourceTree = "<group>"; };
		81E31FA62B3D8AEF00B0F9BE /* GridExampleView.swift */ = {isa = PBXFileReference; lastKnownFileType = sourcecode.swift; path = GridExampleView.swift; sourceTree = "<group>"; };
		81E31FA82B3DA0AA00B0F9BE /* SafeAreaExampleView.swift */ = {isa = PBXFileReference; lastKnownFileType = sourcecode.swift; path = SafeAreaExampleView.swift; sourceTree = "<group>"; };
		81E67F662B36EF4E00D2DB62 /* TextExampleView.swift */ = {isa = PBXFileReference; lastKnownFileType = sourcecode.swift; path = TextExampleView.swift; sourceTree = "<group>"; };
		81F3C9792B5541260020C1CF /* NavigationStackExampleView.swift */ = {isa = PBXFileReference; lastKnownFileType = sourcecode.swift; path = NavigationStackExampleView.swift; sourceTree = "<group>"; };
		81F9C5702B98562400198EEC /* RotationGestureExampleView.swift */ = {isa = PBXFileReference; lastKnownFileType = sourcecode.swift; path = RotationGestureExampleView.swift; sourceTree = "<group>"; };
		81FF1D452B4BE73F00B80EED /* ModelExampleView.swift */ = {isa = PBXFileReference; lastKnownFileType = sourcecode.swift; path = ModelExampleView.swift; sourceTree = "<group>"; };
		81FF1D472B4BF45500B80EED /* ViewModelExampleView.swift */ = {isa = PBXFileReference; lastKnownFileType = sourcecode.swift; path = ViewModelExampleView.swift; sourceTree = "<group>"; };
/* End PBXFileReference section */

/* Begin PBXFrameworksBuildPhase section */
		81A8BE072B2451C90082CBFE /* Frameworks */ = {
			isa = PBXFrameworksBuildPhase;
			buildActionMask = 2147483647;
			files = (
			);
			runOnlyForDeploymentPostprocessing = 0;
		};
		81C160BF2B285F1C00FADD0D /* Frameworks */ = {
			isa = PBXFrameworksBuildPhase;
			buildActionMask = 2147483647;
			files = (
			);
			runOnlyForDeploymentPostprocessing = 0;
		};
/* End PBXFrameworksBuildPhase section */

/* Begin PBXGroup section */
		810727C92B4D2856002957D1 /* OnboardingViews */ = {
			isa = PBXGroup;
			children = (
				810727CA2B4D287B002957D1 /* IntroExampleView.swift */,
				810727CC2B4D2AEF002957D1 /* OnboardingView.swift */,
				810727CE2B4D940F002957D1 /* ProfileView.swift */,
			);
			path = OnboardingViews;
			sourceTree = "<group>";
		};
		81A8BE012B2451C90082CBFE = {
			isa = PBXGroup;
			children = (
				81C160CF2B28635000FADD0D /* SwiftUI-HandyStuff.xctestplan */,
				81A8BE0C2B2451C90082CBFE /* SwiftUI-HandyStuff */,
				81C160C32B285F1C00FADD0D /* SwiftUI-HandyStuffUI_Tests */,
				81A8BE0B2B2451C90082CBFE /* Products */,
			);
			sourceTree = "<group>";
		};
		81A8BE0B2B2451C90082CBFE /* Products */ = {
			isa = PBXGroup;
			children = (
				81A8BE0A2B2451C90082CBFE /* SwiftUI-HandyStuff.app */,
				81C160C22B285F1C00FADD0D /* SwiftUI-HandyStuffUI_Tests.xctest */,
			);
			name = Products;
			sourceTree = "<group>";
		};
		81A8BE0C2B2451C90082CBFE /* SwiftUI-HandyStuff */ = {
			isa = PBXGroup;
			children = (
				81C4459F2B920E78006190E7 /* Intermediate */,
				81E67F652B36EF3000D2DB62 /* Basics */,
				81619ED92B2741BF00C6CE35 /* PageTabViewExampleView.swift */,
				81A8BE0D2B2451C90082CBFE /* SwiftUI_HandyStuffApp.swift */,
				81A8BE0F2B2451C90082CBFE /* ContentView.swift */,
				81A8BE112B2451CB0082CBFE /* Assets.xcassets */,
				81A8BE132B2451CB0082CBFE /* Preview Content */,
				81A8BE1B2B2452140082CBFE /* GeometryReaderView.swift */,
				81C160BC2B284A7C00FADD0D /* UITestingExampleView.swift */,
			);
			path = "SwiftUI-HandyStuff";
			sourceTree = "<group>";
		};
		81A8BE132B2451CB0082CBFE /* Preview Content */ = {
			isa = PBXGroup;
			children = (
				81A8BE142B2451CB0082CBFE /* Preview Assets.xcassets */,
			);
			path = "Preview Content";
			sourceTree = "<group>";
		};
		81C160C32B285F1C00FADD0D /* SwiftUI-HandyStuffUI_Tests */ = {
			isa = PBXGroup;
			children = (
				81C160C42B285F1C00FADD0D /* SwiftUI_HandyStuffUI_Tests.swift */,
				81C160C62B285F1C00FADD0D /* SwiftUI_HandyStuffUI_TestsLaunchTests.swift */,
				81C160CD2B2860AC00FADD0D /* UITestingExampleView_UITests.swift */,
			);
			path = "SwiftUI-HandyStuffUI_Tests";
			sourceTree = "<group>";
		};
		81C4459F2B920E78006190E7 /* Intermediate */ = {
			isa = PBXGroup;
			children = (
				81C445A02B920F96006190E7 /* LongPressGestureExampleView.swift */,
				813F711C2B960AC200B16910 /* MagnificationGestureExampleView.swift */,
				81F9C5702B98562400198EEC /* RotationGestureExampleView.swift */,
				814580B22B9EE15E001842CC /* DragGestureExampleView.swift */,
				814580B42B9EE986001842CC /* DragGestureExample2View.swift */,
			);
			path = Intermediate;
			sourceTree = "<group>";
		};
		81E67F652B36EF3000D2DB62 /* Basics */ = {
			isa = PBXGroup;
			children = (
				810727C92B4D2856002957D1 /* OnboardingViews */,
				81E67F662B36EF4E00D2DB62 /* TextExampleView.swift */,
				818884172B3712A900236EE4 /* ShapesExampleView.swift */,
				8126F1D32B39CB3F005F5175 /* ColorsExampleView.swift */,
				81BE42372B3B136200B57EA2 /* GradientsExampleView.swift */,
				81BE42392B3B1EF400B57EA2 /* IconsExampleView.swift */,
				81BE423B2B3B27C700B57EA2 /* ImageExampleView.swift */,
				81BE423D2B3C11A000B57EA2 /* FrameExampleView.swift */,
				81BE423F2B3C1E0F00B57EA2 /* BackgroundAndOverlayExampleView.swift */,
				8183519B2B3C48110011095C /* StacksExampleView.swift */,
				8183519D2B3C6A620011095C /* PaddingAndSpacerExampleView.swift */,
				81E31F9D2B3D5A5D00B0F9BE /* SpacerExampleView.swift */,
				81E31F9F2B3D637900B0F9BE /* InitializerExampleView.swift */,
				81E31FA12B3D6F0C00B0F9BE /* ForEachExampleView.swift */,
				81E31FA32B3D80F500B0F9BE /* ScrollViewExampleView.swift */,
				81E31FA62B3D8AEF00B0F9BE /* GridExampleView.swift */,
				81E31FA82B3DA0AA00B0F9BE /* SafeAreaExampleView.swift */,
				81882BC22B3EC98F00B4B5DB /* ButtonExampleView.swift */,
				81882BC42B3ECF0100B4B5DB /* StateExampleView.swift */,
				81882BC62B3ED73F00B4B5DB /* ExtractedFunctionsExampleView.swift */,
				81882BC82B3EE35200B4B5DB /* ExtractSubviewExampleView.swift */,
				81882BCD2B3F092600B4B5DB /* BindingExampleView.swift */,
				81882BCF2B3F10A100B4B5DB /* ConditionalExampleView.swift */,
				81D55E1E2B40034300A36A98 /* TernaryExampleView.swift */,
				81D55E202B40090700A36A98 /* AnimationExampleView.swift */,
				81D55E222B4010F800A36A98 /* AnimationTimingExampleView.swift */,
				81D55E242B401B5400A36A98 /* TransitionExampleView.swift */,
				81D55E282B40351000A36A98 /* SheetsExampleView.swift */,
				81D55E2A2B4047C900A36A98 /* PopoverExampleView.swift */,
				81D55E2C2B40519100A36A98 /* NavigationViewExampleView.swift */,
				8155AAB32B441425005A9BBB /* ListExampleView.swift */,
				8155D9CF2B4559E500B3700E /* AlertExampleView.swift */,
				8139CDD32B45782A0054E88B /* ConfirmationDialogExampleView.swift */,
				81B8B2562B4695B1007B3882 /* ContextMenuExampleView.swift */,
				81B8B2582B46A79F007B3882 /* TextFieldExampleView.swift */,
				81B8B25A2B46E5C0007B3882 /* TextEditorExampleView.swift */,
				81B8B25C2B46EE9A007B3882 /* ToggleExampleView.swift */,
				81B8B25E2B47DA9E007B3882 /* PickerExampleView.swift */,
				813F575B2B4841160020D00C /* ColorPickerExampleView.swift */,
				813F575D2B4843F50020D00C /* DatePickerExampleView.swift */,
				813F575F2B484B6E0020D00C /* StepperExampleView.swift */,
				813F57612B484EEF0020D00C /* SliderExampleView.swift */,
				810BBAD12B4931FD00CEFEC5 /* TabViewExampleView.swift */,
				810BBAD32B493C2800CEFEC5 /* DarkModeExampleView.swift */,
				81C769DC2B495DD900F34C97 /* DocumentationExampleView.swift */,
				81DE3B7B2B497B4500CC7DA9 /* OnAppearExampleView.swift */,
				8188C7632B498C99003A1BCE /* IfLetGuardExampleView.swift */,
				8188C7652B499482003A1BCE /* TapGestureView.swift */,
				81FF1D452B4BE73F00B80EED /* ModelExampleView.swift */,
				81FF1D472B4BF45500B80EED /* ViewModelExampleView.swift */,
				811708FF2B4C2C590087D9A8 /* EnvironmentObjectExampleView.swift */,
				819A924B2B4C44180082595C /* AppStorageExampleView.swift */,
				81A0D4CF2B514494001B5996 /* AsyncImageExampleView.swift */,
				815C86CD2B51822A00720D81 /* BackgroundMaterialsExampleView.swift */,
				815C86CF2B5184AC00720D81 /* TextSelectionExampleView.swift */,
				815C86D12B51898700720D81 /* ButtonStylesExampleView.swift */,
				81D7A34D2B528D4E004F76EE /* ListSwipeActionsExampleView.swift */,
				81D7A34F2B5298CC004F76EE /* BadgesExampleView.swift */,
				815CD0722B52BB0F00BD232F /* FocusStateExampleView.swift */,
				81F3C9792B5541260020C1CF /* NavigationStackExampleView.swift */,
				8115FE832B5689CC006C8350 /* ToolbarExampleView.swift */,
				819EAEA32B57B93A006FB929 /* ResizableSheetExampleView.swift */,
				81D307252B5931BD00FF513C /* SafeAreaInsetExampleView.swift */,
				81E041992B5942FE00F996A8 /* GroupExampleView.swift */,
				81B773182B5BC69B005ADF1F /* AnimationUpdatedExampleView.swift */,
				81B7731A2B5BCF8A005ADF1F /* MenuExampleView.swift */,
				81B7731C2B5BD0E4005ADF1F /* NativePopoverExampleView.swift */,
				81CF1AAE2B5E4315008243D4 /* AnyLayoutExampleView.swift */,
				812646032B6390F600DE495A /* ViewThatFitsExampleView.swift */,
			);
			path = Basics;
			sourceTree = "<group>";
		};
/* End PBXGroup section */

/* Begin PBXNativeTarget section */
		81A8BE092B2451C90082CBFE /* SwiftUI-HandyStuff */ = {
			isa = PBXNativeTarget;
			buildConfigurationList = 81A8BE182B2451CB0082CBFE /* Build configuration list for PBXNativeTarget "SwiftUI-HandyStuff" */;
			buildPhases = (
				81A8BE062B2451C90082CBFE /* Sources */,
				81A8BE072B2451C90082CBFE /* Frameworks */,
				81A8BE082B2451C90082CBFE /* Resources */,
			);
			buildRules = (
			);
			dependencies = (
			);
			name = "SwiftUI-HandyStuff";
			productName = "SwiftUI-HandyStuff";
			productReference = 81A8BE0A2B2451C90082CBFE /* SwiftUI-HandyStuff.app */;
			productType = "com.apple.product-type.application";
		};
		81C160C12B285F1C00FADD0D /* SwiftUI-HandyStuffUI_Tests */ = {
			isa = PBXNativeTarget;
			buildConfigurationList = 81C160CA2B285F1C00FADD0D /* Build configuration list for PBXNativeTarget "SwiftUI-HandyStuffUI_Tests" */;
			buildPhases = (
				81C160BE2B285F1C00FADD0D /* Sources */,
				81C160BF2B285F1C00FADD0D /* Frameworks */,
				81C160C02B285F1C00FADD0D /* Resources */,
			);
			buildRules = (
			);
			dependencies = (
				81C160C92B285F1C00FADD0D /* PBXTargetDependency */,
			);
			name = "SwiftUI-HandyStuffUI_Tests";
			productName = "SwiftUI-HandyStuffUI_Tests";
			productReference = 81C160C22B285F1C00FADD0D /* SwiftUI-HandyStuffUI_Tests.xctest */;
			productType = "com.apple.product-type.bundle.ui-testing";
		};
/* End PBXNativeTarget section */

/* Begin PBXProject section */
		81A8BE022B2451C90082CBFE /* Project object */ = {
			isa = PBXProject;
			attributes = {
				BuildIndependentTargetsInParallel = 1;
				LastSwiftUpdateCheck = 1500;
				LastUpgradeCheck = 1500;
				TargetAttributes = {
					81A8BE092B2451C90082CBFE = {
						CreatedOnToolsVersion = 15.0.1;
					};
					81C160C12B285F1C00FADD0D = {
						CreatedOnToolsVersion = 15.0.1;
						TestTargetID = 81A8BE092B2451C90082CBFE;
					};
				};
			};
			buildConfigurationList = 81A8BE052B2451C90082CBFE /* Build configuration list for PBXProject "SwiftUI-HandyStuff" */;
			compatibilityVersion = "Xcode 14.0";
			developmentRegion = en;
			hasScannedForEncodings = 0;
			knownRegions = (
				en,
				Base,
			);
			mainGroup = 81A8BE012B2451C90082CBFE;
			productRefGroup = 81A8BE0B2B2451C90082CBFE /* Products */;
			projectDirPath = "";
			projectRoot = "";
			targets = (
				81A8BE092B2451C90082CBFE /* SwiftUI-HandyStuff */,
				81C160C12B285F1C00FADD0D /* SwiftUI-HandyStuffUI_Tests */,
			);
		};
/* End PBXProject section */

/* Begin PBXResourcesBuildPhase section */
		81A8BE082B2451C90082CBFE /* Resources */ = {
			isa = PBXResourcesBuildPhase;
			buildActionMask = 2147483647;
			files = (
				81A8BE152B2451CB0082CBFE /* Preview Assets.xcassets in Resources */,
				81A8BE122B2451CB0082CBFE /* Assets.xcassets in Resources */,
			);
			runOnlyForDeploymentPostprocessing = 0;
		};
		81C160C02B285F1C00FADD0D /* Resources */ = {
			isa = PBXResourcesBuildPhase;
			buildActionMask = 2147483647;
			files = (
			);
			runOnlyForDeploymentPostprocessing = 0;
		};
/* End PBXResourcesBuildPhase section */

/* Begin PBXSourcesBuildPhase section */
		81A8BE062B2451C90082CBFE /* Sources */ = {
			isa = PBXSourcesBuildPhase;
			buildActionMask = 2147483647;
			files = (
				815CD0732B52BB0F00BD232F /* FocusStateExampleView.swift in Sources */,
				81E31FA72B3D8AEF00B0F9BE /* GridExampleView.swift in Sources */,
				81DE3B7C2B497B4500CC7DA9 /* OnAppearExampleView.swift in Sources */,
				81882BC92B3EE35200B4B5DB /* ExtractSubviewExampleView.swift in Sources */,
				810BBAD42B493C2800CEFEC5 /* DarkModeExampleView.swift in Sources */,
				815C86D22B51898700720D81 /* ButtonStylesExampleView.swift in Sources */,
				81D55E212B40090700A36A98 /* AnimationExampleView.swift in Sources */,
				8188C7642B498C99003A1BCE /* IfLetGuardExampleView.swift in Sources */,
				815C86CE2B51822A00720D81 /* BackgroundMaterialsExampleView.swift in Sources */,
				81D7A34E2B528D4E004F76EE /* ListSwipeActionsExampleView.swift in Sources */,
				815C86D02B5184AC00720D81 /* TextSelectionExampleView.swift in Sources */,
				814580B32B9EE15E001842CC /* DragGestureExampleView.swift in Sources */,
				813F57622B484EEF0020D00C /* SliderExampleView.swift in Sources */,
				81B7731D2B5BD0E4005ADF1F /* NativePopoverExampleView.swift in Sources */,
				81BE423A2B3B1EF400B57EA2 /* IconsExampleView.swift in Sources */,
				81B8B2592B46A79F007B3882 /* TextFieldExampleView.swift in Sources */,
				81D55E2D2B40519100A36A98 /* NavigationViewExampleView.swift in Sources */,
				813F711D2B960AC200B16910 /* MagnificationGestureExampleView.swift in Sources */,
				81D55E2B2B4047C900A36A98 /* PopoverExampleView.swift in Sources */,
				81FF1D462B4BE73F00B80EED /* ModelExampleView.swift in Sources */,
				81C769DD2B495DD900F34C97 /* DocumentationExampleView.swift in Sources */,
				8139CDD42B45782A0054E88B /* ConfirmationDialogExampleView.swift in Sources */,
				81E31F9E2B3D5A5D00B0F9BE /* SpacerExampleView.swift in Sources */,
				812646042B6390F600DE495A /* ViewThatFitsExampleView.swift in Sources */,
				81F9C5712B98562400198EEC /* RotationGestureExampleView.swift in Sources */,
				81E31FA22B3D6F0C00B0F9BE /* ForEachExampleView.swift in Sources */,
				81B7731B2B5BCF8A005ADF1F /* MenuExampleView.swift in Sources */,
				810727CF2B4D940F002957D1 /* ProfileView.swift in Sources */,
				81882BD02B3F10A100B4B5DB /* ConditionalExampleView.swift in Sources */,
				81A0D4D02B514494001B5996 /* AsyncImageExampleView.swift in Sources */,
				81D55E252B401B5400A36A98 /* TransitionExampleView.swift in Sources */,
				81D55E232B4010F800A36A98 /* AnimationTimingExampleView.swift in Sources */,
				8126F1D42B39CB3F005F5175 /* ColorsExampleView.swift in Sources */,
				813F575C2B4841160020D00C /* ColorPickerExampleView.swift in Sources */,
				81BE423C2B3B27C700B57EA2 /* ImageExampleView.swift in Sources */,
				81E0419A2B5942FE00F996A8 /* GroupExampleView.swift in Sources */,
				814580B52B9EE986001842CC /* DragGestureExample2View.swift in Sources */,
				81B773192B5BC69B005ADF1F /* AnimationUpdatedExampleView.swift in Sources */,
				81E67F672B36EF4E00D2DB62 /* TextExampleView.swift in Sources */,
				81882BC32B3EC98F00B4B5DB /* ButtonExampleView.swift in Sources */,
				819EAEA42B57B93A006FB929 /* ResizableSheetExampleView.swift in Sources */,
				813F57602B484B6E0020D00C /* StepperExampleView.swift in Sources */,
				81A8BE102B2451C90082CBFE /* ContentView.swift in Sources */,
				81A8BE0E2B2451C90082CBFE /* SwiftUI_HandyStuffApp.swift in Sources */,
				81619EDA2B2741BF00C6CE35 /* PageTabViewExampleView.swift in Sources */,
				8183519E2B3C6A620011095C /* PaddingAndSpacerExampleView.swift in Sources */,
				810727CD2B4D2AEF002957D1 /* OnboardingView.swift in Sources */,
				81D55E1F2B40034300A36A98 /* TernaryExampleView.swift in Sources */,
				81D55E292B40351000A36A98 /* SheetsExampleView.swift in Sources */,
				8183519C2B3C48110011095C /* StacksExampleView.swift in Sources */,
				810BBAD22B4931FD00CEFEC5 /* TabViewExampleView.swift in Sources */,
				81B8B25F2B47DA9E007B3882 /* PickerExampleView.swift in Sources */,
				813F575E2B4843F50020D00C /* DatePickerExampleView.swift in Sources */,
				819A924C2B4C44180082595C /* AppStorageExampleView.swift in Sources */,
				81BE42402B3C1E0F00B57EA2 /* BackgroundAndOverlayExampleView.swift in Sources */,
				81CF1AAF2B5E4315008243D4 /* AnyLayoutExampleView.swift in Sources */,
				81E31FA02B3D637900B0F9BE /* InitializerExampleView.swift in Sources */,
				818884182B3712A900236EE4 /* ShapesExampleView.swift in Sources */,
				81882BC52B3ECF0100B4B5DB /* StateExampleView.swift in Sources */,
				81D7A3502B5298CC004F76EE /* BadgesExampleView.swift in Sources */,
				81B8B2572B4695B1007B3882 /* ContextMenuExampleView.swift in Sources */,
				81882BC72B3ED73F00B4B5DB /* ExtractedFunctionsExampleView.swift in Sources */,
				81E31FA42B3D80F500B0F9BE /* ScrollViewExampleView.swift in Sources */,
				81C160BD2B284A7C00FADD0D /* UITestingExampleView.swift in Sources */,
				8115FE842B5689CC006C8350 /* ToolbarExampleView.swift in Sources */,
				81BE42382B3B136200B57EA2 /* GradientsExampleView.swift in Sources */,
				81E31FA92B3DA0AA00B0F9BE /* SafeAreaExampleView.swift in Sources */,
				81B8B25B2B46E5C0007B3882 /* TextEditorExampleView.swift in Sources */,
				811709002B4C2C590087D9A8 /* EnvironmentObjectExampleView.swift in Sources */,
				81C445A12B920F96006190E7 /* LongPressGestureExampleView.swift in Sources */,
				81A8BE1C2B2452140082CBFE /* GeometryReaderView.swift in Sources */,
				81882BCE2B3F092600B4B5DB /* BindingExampleView.swift in Sources */,
				81BE423E2B3C11A000B57EA2 /* FrameExampleView.swift in Sources */,
				81F3C97A2B5541260020C1CF /* NavigationStackExampleView.swift in Sources */,
				810727CB2B4D287B002957D1 /* IntroExampleView.swift in Sources */,
				81B8B25D2B46EE9A007B3882 /* ToggleExampleView.swift in Sources */,
				81D307262B5931BD00FF513C /* SafeAreaInsetExampleView.swift in Sources */,
				8155D9D02B4559E500B3700E /* AlertExampleView.swift in Sources */,
				8188C7662B499482003A1BCE /* TapGestureView.swift in Sources */,
				81FF1D482B4BF45500B80EED /* ViewModelExampleView.swift in Sources */,
				8155AAB42B441425005A9BBB /* ListExampleView.swift in Sources */,
			);
			runOnlyForDeploymentPostprocessing = 0;
		};
		81C160BE2B285F1C00FADD0D /* Sources */ = {
			isa = PBXSourcesBuildPhase;
			buildActionMask = 2147483647;
			files = (
				81C160C72B285F1C00FADD0D /* SwiftUI_HandyStuffUI_TestsLaunchTests.swift in Sources */,
				81C160C52B285F1C00FADD0D /* SwiftUI_HandyStuffUI_Tests.swift in Sources */,
				81C160CE2B2860AC00FADD0D /* UITestingExampleView_UITests.swift in Sources */,
			);
			runOnlyForDeploymentPostprocessing = 0;
		};
/* End PBXSourcesBuildPhase section */

/* Begin PBXTargetDependency section */
		81C160C92B285F1C00FADD0D /* PBXTargetDependency */ = {
			isa = PBXTargetDependency;
			target = 81A8BE092B2451C90082CBFE /* SwiftUI-HandyStuff */;
			targetProxy = 81C160C82B285F1C00FADD0D /* PBXContainerItemProxy */;
		};
/* End PBXTargetDependency section */

/* Begin XCBuildConfiguration section */
		81A8BE162B2451CB0082CBFE /* Debug */ = {
			isa = XCBuildConfiguration;
			buildSettings = {
				ALWAYS_SEARCH_USER_PATHS = NO;
				ASSETCATALOG_COMPILER_GENERATE_SWIFT_ASSET_SYMBOL_EXTENSIONS = YES;
				CLANG_ANALYZER_NONNULL = YES;
				CLANG_ANALYZER_NUMBER_OBJECT_CONVERSION = YES_AGGRESSIVE;
				CLANG_CXX_LANGUAGE_STANDARD = "gnu++20";
				CLANG_ENABLE_MODULES = YES;
				CLANG_ENABLE_OBJC_ARC = YES;
				CLANG_ENABLE_OBJC_WEAK = YES;
				CLANG_WARN_BLOCK_CAPTURE_AUTORELEASING = YES;
				CLANG_WARN_BOOL_CONVERSION = YES;
				CLANG_WARN_COMMA = YES;
				CLANG_WARN_CONSTANT_CONVERSION = YES;
				CLANG_WARN_DEPRECATED_OBJC_IMPLEMENTATIONS = YES;
				CLANG_WARN_DIRECT_OBJC_ISA_USAGE = YES_ERROR;
				CLANG_WARN_DOCUMENTATION_COMMENTS = YES;
				CLANG_WARN_EMPTY_BODY = YES;
				CLANG_WARN_ENUM_CONVERSION = YES;
				CLANG_WARN_INFINITE_RECURSION = YES;
				CLANG_WARN_INT_CONVERSION = YES;
				CLANG_WARN_NON_LITERAL_NULL_CONVERSION = YES;
				CLANG_WARN_OBJC_IMPLICIT_RETAIN_SELF = YES;
				CLANG_WARN_OBJC_LITERAL_CONVERSION = YES;
				CLANG_WARN_OBJC_ROOT_CLASS = YES_ERROR;
				CLANG_WARN_QUOTED_INCLUDE_IN_FRAMEWORK_HEADER = YES;
				CLANG_WARN_RANGE_LOOP_ANALYSIS = YES;
				CLANG_WARN_STRICT_PROTOTYPES = YES;
				CLANG_WARN_SUSPICIOUS_MOVE = YES;
				CLANG_WARN_UNGUARDED_AVAILABILITY = YES_AGGRESSIVE;
				CLANG_WARN_UNREACHABLE_CODE = YES;
				CLANG_WARN__DUPLICATE_METHOD_MATCH = YES;
				COPY_PHASE_STRIP = NO;
				DEBUG_INFORMATION_FORMAT = dwarf;
				ENABLE_STRICT_OBJC_MSGSEND = YES;
				ENABLE_TESTABILITY = YES;
				ENABLE_USER_SCRIPT_SANDBOXING = YES;
				GCC_C_LANGUAGE_STANDARD = gnu17;
				GCC_DYNAMIC_NO_PIC = NO;
				GCC_NO_COMMON_BLOCKS = YES;
				GCC_OPTIMIZATION_LEVEL = 0;
				GCC_PREPROCESSOR_DEFINITIONS = (
					"DEBUG=1",
					"$(inherited)",
				);
				GCC_WARN_64_TO_32_BIT_CONVERSION = YES;
				GCC_WARN_ABOUT_RETURN_TYPE = YES_ERROR;
				GCC_WARN_UNDECLARED_SELECTOR = YES;
				GCC_WARN_UNINITIALIZED_AUTOS = YES_AGGRESSIVE;
				GCC_WARN_UNUSED_FUNCTION = YES;
				GCC_WARN_UNUSED_VARIABLE = YES;
				IPHONEOS_DEPLOYMENT_TARGET = 17.0;
				LOCALIZATION_PREFERS_STRING_CATALOGS = YES;
				MTL_ENABLE_DEBUG_INFO = INCLUDE_SOURCE;
				MTL_FAST_MATH = YES;
				ONLY_ACTIVE_ARCH = YES;
				SDKROOT = iphoneos;
				SWIFT_ACTIVE_COMPILATION_CONDITIONS = "DEBUG $(inherited)";
				SWIFT_OPTIMIZATION_LEVEL = "-Onone";
			};
			name = Debug;
		};
		81A8BE172B2451CB0082CBFE /* Release */ = {
			isa = XCBuildConfiguration;
			buildSettings = {
				ALWAYS_SEARCH_USER_PATHS = NO;
				ASSETCATALOG_COMPILER_GENERATE_SWIFT_ASSET_SYMBOL_EXTENSIONS = YES;
				CLANG_ANALYZER_NONNULL = YES;
				CLANG_ANALYZER_NUMBER_OBJECT_CONVERSION = YES_AGGRESSIVE;
				CLANG_CXX_LANGUAGE_STANDARD = "gnu++20";
				CLANG_ENABLE_MODULES = YES;
				CLANG_ENABLE_OBJC_ARC = YES;
				CLANG_ENABLE_OBJC_WEAK = YES;
				CLANG_WARN_BLOCK_CAPTURE_AUTORELEASING = YES;
				CLANG_WARN_BOOL_CONVERSION = YES;
				CLANG_WARN_COMMA = YES;
				CLANG_WARN_CONSTANT_CONVERSION = YES;
				CLANG_WARN_DEPRECATED_OBJC_IMPLEMENTATIONS = YES;
				CLANG_WARN_DIRECT_OBJC_ISA_USAGE = YES_ERROR;
				CLANG_WARN_DOCUMENTATION_COMMENTS = YES;
				CLANG_WARN_EMPTY_BODY = YES;
				CLANG_WARN_ENUM_CONVERSION = YES;
				CLANG_WARN_INFINITE_RECURSION = YES;
				CLANG_WARN_INT_CONVERSION = YES;
				CLANG_WARN_NON_LITERAL_NULL_CONVERSION = YES;
				CLANG_WARN_OBJC_IMPLICIT_RETAIN_SELF = YES;
				CLANG_WARN_OBJC_LITERAL_CONVERSION = YES;
				CLANG_WARN_OBJC_ROOT_CLASS = YES_ERROR;
				CLANG_WARN_QUOTED_INCLUDE_IN_FRAMEWORK_HEADER = YES;
				CLANG_WARN_RANGE_LOOP_ANALYSIS = YES;
				CLANG_WARN_STRICT_PROTOTYPES = YES;
				CLANG_WARN_SUSPICIOUS_MOVE = YES;
				CLANG_WARN_UNGUARDED_AVAILABILITY = YES_AGGRESSIVE;
				CLANG_WARN_UNREACHABLE_CODE = YES;
				CLANG_WARN__DUPLICATE_METHOD_MATCH = YES;
				COPY_PHASE_STRIP = NO;
				DEBUG_INFORMATION_FORMAT = "dwarf-with-dsym";
				ENABLE_NS_ASSERTIONS = NO;
				ENABLE_STRICT_OBJC_MSGSEND = YES;
				ENABLE_USER_SCRIPT_SANDBOXING = YES;
				GCC_C_LANGUAGE_STANDARD = gnu17;
				GCC_NO_COMMON_BLOCKS = YES;
				GCC_WARN_64_TO_32_BIT_CONVERSION = YES;
				GCC_WARN_ABOUT_RETURN_TYPE = YES_ERROR;
				GCC_WARN_UNDECLARED_SELECTOR = YES;
				GCC_WARN_UNINITIALIZED_AUTOS = YES_AGGRESSIVE;
				GCC_WARN_UNUSED_FUNCTION = YES;
				GCC_WARN_UNUSED_VARIABLE = YES;
				IPHONEOS_DEPLOYMENT_TARGET = 17.0;
				LOCALIZATION_PREFERS_STRING_CATALOGS = YES;
				MTL_ENABLE_DEBUG_INFO = NO;
				MTL_FAST_MATH = YES;
				SDKROOT = iphoneos;
				SWIFT_COMPILATION_MODE = wholemodule;
				VALIDATE_PRODUCT = YES;
			};
			name = Release;
		};
		81A8BE192B2451CB0082CBFE /* Debug */ = {
			isa = XCBuildConfiguration;
			buildSettings = {
				ASSETCATALOG_COMPILER_APPICON_NAME = AppIcon;
				ASSETCATALOG_COMPILER_GLOBAL_ACCENT_COLOR_NAME = AccentColor;
				CODE_SIGN_STYLE = Automatic;
				CURRENT_PROJECT_VERSION = 1;
				DEVELOPMENT_ASSET_PATHS = "\"SwiftUI-HandyStuff/Preview Content\"";
				DEVELOPMENT_TEAM = J6WDBVB643;
				ENABLE_PREVIEWS = YES;
				GENERATE_INFOPLIST_FILE = YES;
				INFOPLIST_KEY_UIApplicationSceneManifest_Generation = YES;
				INFOPLIST_KEY_UIApplicationSupportsIndirectInputEvents = YES;
				INFOPLIST_KEY_UILaunchScreen_Generation = YES;
				INFOPLIST_KEY_UISupportedInterfaceOrientations_iPad = "UIInterfaceOrientationPortrait UIInterfaceOrientationPortraitUpsideDown UIInterfaceOrientationLandscapeLeft UIInterfaceOrientationLandscapeRight";
				INFOPLIST_KEY_UISupportedInterfaceOrientations_iPhone = "UIInterfaceOrientationPortrait UIInterfaceOrientationLandscapeLeft UIInterfaceOrientationLandscapeRight";
				LD_RUNPATH_SEARCH_PATHS = (
					"$(inherited)",
					"@executable_path/Frameworks",
				);
				MARKETING_VERSION = 1.0;
				PRODUCT_BUNDLE_IDENTIFIER = "com.sametcagriaktepe.SwiftUI-HandyStuff";
				PRODUCT_NAME = "$(TARGET_NAME)";
				SWIFT_EMIT_LOC_STRINGS = YES;
				SWIFT_VERSION = 5.0;
				TARGETED_DEVICE_FAMILY = "1,2";
			};
			name = Debug;
		};
		81A8BE1A2B2451CB0082CBFE /* Release */ = {
			isa = XCBuildConfiguration;
			buildSettings = {
				ASSETCATALOG_COMPILER_APPICON_NAME = AppIcon;
				ASSETCATALOG_COMPILER_GLOBAL_ACCENT_COLOR_NAME = AccentColor;
				CODE_SIGN_STYLE = Automatic;
				CURRENT_PROJECT_VERSION = 1;
				DEVELOPMENT_ASSET_PATHS = "\"SwiftUI-HandyStuff/Preview Content\"";
				DEVELOPMENT_TEAM = J6WDBVB643;
				ENABLE_PREVIEWS = YES;
				GENERATE_INFOPLIST_FILE = YES;
				INFOPLIST_KEY_UIApplicationSceneManifest_Generation = YES;
				INFOPLIST_KEY_UIApplicationSupportsIndirectInputEvents = YES;
				INFOPLIST_KEY_UILaunchScreen_Generation = YES;
				INFOPLIST_KEY_UISupportedInterfaceOrientations_iPad = "UIInterfaceOrientationPortrait UIInterfaceOrientationPortraitUpsideDown UIInterfaceOrientationLandscapeLeft UIInterfaceOrientationLandscapeRight";
				INFOPLIST_KEY_UISupportedInterfaceOrientations_iPhone = "UIInterfaceOrientationPortrait UIInterfaceOrientationLandscapeLeft UIInterfaceOrientationLandscapeRight";
				LD_RUNPATH_SEARCH_PATHS = (
					"$(inherited)",
					"@executable_path/Frameworks",
				);
				MARKETING_VERSION = 1.0;
				PRODUCT_BUNDLE_IDENTIFIER = "com.sametcagriaktepe.SwiftUI-HandyStuff";
				PRODUCT_NAME = "$(TARGET_NAME)";
				SWIFT_EMIT_LOC_STRINGS = YES;
				SWIFT_VERSION = 5.0;
				TARGETED_DEVICE_FAMILY = "1,2";
			};
			name = Release;
		};
		81C160CB2B285F1C00FADD0D /* Debug */ = {
			isa = XCBuildConfiguration;
			buildSettings = {
				CODE_SIGN_STYLE = Automatic;
				CURRENT_PROJECT_VERSION = 1;
				DEVELOPMENT_TEAM = J6WDBVB643;
				GENERATE_INFOPLIST_FILE = YES;
				MARKETING_VERSION = 1.0;
				PRODUCT_BUNDLE_IDENTIFIER = "com.sametcagriaktepe.SwiftUI-HandyStuffUI-Tests";
				PRODUCT_NAME = "$(TARGET_NAME)";
				SWIFT_EMIT_LOC_STRINGS = NO;
				SWIFT_VERSION = 5.0;
				TARGETED_DEVICE_FAMILY = "1,2";
				TEST_TARGET_NAME = "SwiftUI-HandyStuff";
			};
			name = Debug;
		};
		81C160CC2B285F1C00FADD0D /* Release */ = {
			isa = XCBuildConfiguration;
			buildSettings = {
				CODE_SIGN_STYLE = Automatic;
				CURRENT_PROJECT_VERSION = 1;
				DEVELOPMENT_TEAM = J6WDBVB643;
				GENERATE_INFOPLIST_FILE = YES;
				MARKETING_VERSION = 1.0;
				PRODUCT_BUNDLE_IDENTIFIER = "com.sametcagriaktepe.SwiftUI-HandyStuffUI-Tests";
				PRODUCT_NAME = "$(TARGET_NAME)";
				SWIFT_EMIT_LOC_STRINGS = NO;
				SWIFT_VERSION = 5.0;
				TARGETED_DEVICE_FAMILY = "1,2";
				TEST_TARGET_NAME = "SwiftUI-HandyStuff";
			};
			name = Release;
		};
/* End XCBuildConfiguration section */

/* Begin XCConfigurationList section */
		81A8BE052B2451C90082CBFE /* Build configuration list for PBXProject "SwiftUI-HandyStuff" */ = {
			isa = XCConfigurationList;
			buildConfigurations = (
				81A8BE162B2451CB0082CBFE /* Debug */,
				81A8BE172B2451CB0082CBFE /* Release */,
			);
			defaultConfigurationIsVisible = 0;
			defaultConfigurationName = Release;
		};
		81A8BE182B2451CB0082CBFE /* Build configuration list for PBXNativeTarget "SwiftUI-HandyStuff" */ = {
			isa = XCConfigurationList;
			buildConfigurations = (
				81A8BE192B2451CB0082CBFE /* Debug */,
				81A8BE1A2B2451CB0082CBFE /* Release */,
			);
			defaultConfigurationIsVisible = 0;
			defaultConfigurationName = Release;
		};
		81C160CA2B285F1C00FADD0D /* Build configuration list for PBXNativeTarget "SwiftUI-HandyStuffUI_Tests" */ = {
			isa = XCConfigurationList;
			buildConfigurations = (
				81C160CB2B285F1C00FADD0D /* Debug */,
				81C160CC2B285F1C00FADD0D /* Release */,
			);
			defaultConfigurationIsVisible = 0;
			defaultConfigurationName = Release;
		};
/* End XCConfigurationList section */
	};
	rootObject = 81A8BE022B2451C90082CBFE /* Project object */;
}
